// !$*UTF8*$!
{
	archiveVersion = 1;
	classes = {
	};
	objectVersion = 46;
	objects = {

/* Begin PBXBuildFile section */
		A65A811717EBF3C300F9C494 /* UIKit.framework in Frameworks */ = {isa = PBXBuildFile; fileRef = A65A811617EBF3C300F9C494 /* UIKit.framework */; };
		A65A811917EBF3C300F9C494 /* Foundation.framework in Frameworks */ = {isa = PBXBuildFile; fileRef = A65A811817EBF3C300F9C494 /* Foundation.framework */; };
		A65A811B17EBF3C300F9C494 /* CoreGraphics.framework in Frameworks */ = {isa = PBXBuildFile; fileRef = A65A811A17EBF3C300F9C494 /* CoreGraphics.framework */; };
		A65A812117EBF3C300F9C494 /* InfoPlist.strings in Resources */ = {isa = PBXBuildFile; fileRef = A65A811F17EBF3C300F9C494 /* InfoPlist.strings */; };
		A65A812317EBF3C300F9C494 /* main.m in Sources */ = {isa = PBXBuildFile; fileRef = A65A812217EBF3C300F9C494 /* main.m */; };
		A65A812717EBF3C300F9C494 /* AppDelegate.m in Sources */ = {isa = PBXBuildFile; fileRef = A65A812617EBF3C300F9C494 /* AppDelegate.m */; };
		A65A812F17EBF3C300F9C494 /* SenTestingKit.framework in Frameworks */ = {isa = PBXBuildFile; fileRef = A65A812E17EBF3C300F9C494 /* SenTestingKit.framework */; };
		A65A813017EBF3C300F9C494 /* UIKit.framework in Frameworks */ = {isa = PBXBuildFile; fileRef = A65A811617EBF3C300F9C494 /* UIKit.framework */; };
		A65A813117EBF3C300F9C494 /* Foundation.framework in Frameworks */ = {isa = PBXBuildFile; fileRef = A65A811817EBF3C300F9C494 /* Foundation.framework */; };
		A65A813917EBF3C300F9C494 /* InfoPlist.strings in Resources */ = {isa = PBXBuildFile; fileRef = A65A813717EBF3C300F9C494 /* InfoPlist.strings */; };
		A65A813C17EBF3C300F9C494 /* tipcalculatorTests.m in Sources */ = {isa = PBXBuildFile; fileRef = A65A813B17EBF3C300F9C494 /* tipcalculatorTests.m */; };
		A65A814817EBF53500F9C494 /* TipViewController.m in Sources */ = {isa = PBXBuildFile; fileRef = A65A814617EBF53500F9C494 /* TipViewController.m */; };
		A65A814917EBF53500F9C494 /* TipViewController.xib in Resources */ = {isa = PBXBuildFile; fileRef = A65A814717EBF53500F9C494 /* TipViewController.xib */; };
/* End PBXBuildFile section */

/* Begin PBXContainerItemProxy section */
		A65A813217EBF3C300F9C494 /* PBXContainerItemProxy */ = {
			isa = PBXContainerItemProxy;
			containerPortal = A65A810917EBF3C300F9C494 /* Project object */;
			proxyType = 1;
			remoteGlobalIDString = A65A811117EBF3C300F9C494;
			remoteInfo = tipcalculator;
		};
/* End PBXContainerItemProxy section */

/* Begin PBXFileReference section */
		A65A811217EBF3C300F9C494 /* tipcalculator.app */ = {isa = PBXFileReference; explicitFileType = wrapper.application; includeInIndex = 0; path = tipcalculator.app; sourceTree = BUILT_PRODUCTS_DIR; };
		A65A811617EBF3C300F9C494 /* UIKit.framework */ = {isa = PBXFileReference; lastKnownFileType = wrapper.framework; name = UIKit.framework; path = System/Library/Frameworks/UIKit.framework; sourceTree = SDKROOT; };
		A65A811817EBF3C300F9C494 /* Foundation.framework */ = {isa = PBXFileReference; lastKnownFileType = wrapper.framework; name = Foundation.framework; path = System/Library/Frameworks/Foundation.framework; sourceTree = SDKROOT; };
		A65A811A17EBF3C300F9C494 /* CoreGraphics.framework */ = {isa = PBXFileReference; lastKnownFileType = wrapper.framework; name = CoreGraphics.framework; path = System/Library/Frameworks/CoreGraphics.framework; sourceTree = SDKROOT; };
		A65A811E17EBF3C300F9C494 /* tipcalculator-Info.plist */ = {isa = PBXFileReference; lastKnownFileType = text.plist.xml; path = "tipcalculator-Info.plist"; sourceTree = "<group>"; };
		A65A812017EBF3C300F9C494 /* en */ = {isa = PBXFileReference; lastKnownFileType = text.plist.strings; name = en; path = en.lproj/InfoPlist.strings; sourceTree = "<group>"; };
		A65A812217EBF3C300F9C494 /* main.m */ = {isa = PBXFileReference; lastKnownFileType = sourcecode.c.objc; path = main.m; sourceTree = "<group>"; };
		A65A812417EBF3C300F9C494 /* tipcalculator-Prefix.pch */ = {isa = PBXFileReference; lastKnownFileType = sourcecode.c.h; path = "tipcalculator-Prefix.pch"; sourceTree = "<group>"; };
		A65A812517EBF3C300F9C494 /* AppDelegate.h */ = {isa = PBXFileReference; lastKnownFileType = sourcecode.c.h; path = AppDelegate.h; sourceTree = "<group>"; };
		A65A812617EBF3C300F9C494 /* AppDelegate.m */ = {isa = PBXFileReference; lastKnownFileType = sourcecode.c.objc; path = AppDelegate.m; sourceTree = "<group>"; };
		A65A812D17EBF3C300F9C494 /* tipcalculatorTests.octest */ = {isa = PBXFileReference; explicitFileType = wrapper.cfbundle; includeInIndex = 0; path = tipcalculatorTests.octest; sourceTree = BUILT_PRODUCTS_DIR; };
		A65A812E17EBF3C300F9C494 /* SenTestingKit.framework */ = {isa = PBXFileReference; lastKnownFileType = wrapper.framework; name = SenTestingKit.framework; path = Library/Frameworks/SenTestingKit.framework; sourceTree = DEVELOPER_DIR; };
		A65A813617EBF3C300F9C494 /* tipcalculatorTests-Info.plist */ = {isa = PBXFileReference; lastKnownFileType = text.plist.xml; path = "tipcalculatorTests-Info.plist"; sourceTree = "<group>"; };
		A65A813817EBF3C300F9C494 /* en */ = {isa = PBXFileReference; lastKnownFileType = text.plist.strings; name = en; path = en.lproj/InfoPlist.strings; sourceTree = "<group>"; };
		A65A813A17EBF3C300F9C494 /* tipcalculatorTests.h */ = {isa = PBXFileReference; lastKnownFileType = sourcecode.c.h; path = tipcalculatorTests.h; sourceTree = "<group>"; };
		A65A813B17EBF3C300F9C494 /* tipcalculatorTests.m */ = {isa = PBXFileReference; lastKnownFileType = sourcecode.c.objc; path = tipcalculatorTests.m; sourceTree = "<group>"; };
		A65A814517EBF53500F9C494 /* TipViewController.h */ = {isa = PBXFileReference; fileEncoding = 4; lastKnownFileType = sourcecode.c.h; path = TipViewController.h; sourceTree = "<group>"; };
		A65A814617EBF53500F9C494 /* TipViewController.m */ = {isa = PBXFileReference; fileEncoding = 4; lastKnownFileType = sourcecode.c.objc; path = TipViewController.m; sourceTree = "<group>"; };
		A65A814717EBF53500F9C494 /* TipViewController.xib */ = {isa = PBXFileReference; fileEncoding = 4; lastKnownFileType = file.xib; path = TipViewController.xib; sourceTree = "<group>"; };
/* End PBXFileReference section */

/* Begin PBXFrameworksBuildPhase section */
		A65A810F17EBF3C300F9C494 /* Frameworks */ = {
			isa = PBXFrameworksBuildPhase;
			buildActionMask = 2147483647;
			files = (
				A65A811717EBF3C300F9C494 /* UIKit.framework in Frameworks */,
				A65A811917EBF3C300F9C494 /* Foundation.framework in Frameworks */,
				A65A811B17EBF3C300F9C494 /* CoreGraphics.framework in Frameworks */,
			);
			runOnlyForDeploymentPostprocessing = 0;
		};
		A65A812917EBF3C300F9C494 /* Frameworks */ = {
			isa = PBXFrameworksBuildPhase;
			buildActionMask = 2147483647;
			files = (
				A65A812F17EBF3C300F9C494 /* SenTestingKit.framework in Frameworks */,
				A65A813017EBF3C300F9C494 /* UIKit.framework in Frameworks */,
				A65A813117EBF3C300F9C494 /* Foundation.framework in Frameworks */,
			);
			runOnlyForDeploymentPostprocessing = 0;
		};
/* End PBXFrameworksBuildPhase section */

/* Begin PBXGroup section */
		A65A810717EBF3C300F9C494 = {
			isa = PBXGroup;
			children = (
				A65A811C17EBF3C300F9C494 /* tipcalculator */,
				A65A813417EBF3C300F9C494 /* tipcalculatorTests */,
				A65A811517EBF3C300F9C494 /* Frameworks */,
				A65A811317EBF3C300F9C494 /* Products */,
			);
			sourceTree = "<group>";
		};
		A65A811317EBF3C300F9C494 /* Products */ = {
			isa = PBXGroup;
			children = (
				A65A811217EBF3C300F9C494 /* tipcalculator.app */,
				A65A812D17EBF3C300F9C494 /* tipcalculatorTests.octest */,
			);
			name = Products;
			sourceTree = "<group>";
		};
		A65A811517EBF3C300F9C494 /* Frameworks */ = {
			isa = PBXGroup;
			children = (
				A65A811617EBF3C300F9C494 /* UIKit.framework */,
				A65A811817EBF3C300F9C494 /* Foundation.framework */,
				A65A811A17EBF3C300F9C494 /* CoreGraphics.framework */,
				A65A812E17EBF3C300F9C494 /* SenTestingKit.framework */,
			);
			name = Frameworks;
			sourceTree = "<group>";
		};
		A65A811C17EBF3C300F9C494 /* tipcalculator */ = {
			isa = PBXGroup;
			children = (
				A65A812517EBF3C300F9C494 /* AppDelegate.h */,
				A65A812617EBF3C300F9C494 /* AppDelegate.m */,
				A65A811D17EBF3C300F9C494 /* Supporting Files */,
				A65A814517EBF53500F9C494 /* TipViewController.h */,
				A65A814617EBF53500F9C494 /* TipViewController.m */,
				A65A814717EBF53500F9C494 /* TipViewController.xib */,
			);
			path = tipcalculator;
			sourceTree = "<group>";
		};
		A65A811D17EBF3C300F9C494 /* Supporting Files */ = {
			isa = PBXGroup;
			children = (
				A65A811E17EBF3C300F9C494 /* tipcalculator-Info.plist */,
				A65A811F17EBF3C300F9C494 /* InfoPlist.strings */,
				A65A812217EBF3C300F9C494 /* main.m */,
				A65A812417EBF3C300F9C494 /* tipcalculator-Prefix.pch */,
			);
			name = "Supporting Files";
			sourceTree = "<group>";
		};
		A65A813417EBF3C300F9C494 /* tipcalculatorTests */ = {
			isa = PBXGroup;
			children = (
				A65A813A17EBF3C300F9C494 /* tipcalculatorTests.h */,
				A65A813B17EBF3C300F9C494 /* tipcalculatorTests.m */,
				A65A813517EBF3C300F9C494 /* Supporting Files */,
			);
			path = tipcalculatorTests;
			sourceTree = "<group>";
		};
		A65A813517EBF3C300F9C494 /* Supporting Files */ = {
			isa = PBXGroup;
			children = (
				A65A813617EBF3C300F9C494 /* tipcalculatorTests-Info.plist */,
				A65A813717EBF3C300F9C494 /* InfoPlist.strings */,
			);
			name = "Supporting Files";
			sourceTree = "<group>";
		};
/* End PBXGroup section */

/* Begin PBXNativeTarget section */
		A65A811117EBF3C300F9C494 /* tipcalculator */ = {
			isa = PBXNativeTarget;
			buildConfigurationList = A65A813F17EBF3C300F9C494 /* Build configuration list for PBXNativeTarget "tipcalculator" */;
			buildPhases = (
				A65A810E17EBF3C300F9C494 /* Sources */,
				A65A810F17EBF3C300F9C494 /* Frameworks */,
				A65A811017EBF3C300F9C494 /* Resources */,
			);
			buildRules = (
			);
			dependencies = (
			);
			name = tipcalculator;
			productName = tipcalculator;
			productReference = A65A811217EBF3C300F9C494 /* tipcalculator.app */;
			productType = "com.apple.product-type.application";
		};
		A65A812C17EBF3C300F9C494 /* tipcalculatorTests */ = {
			isa = PBXNativeTarget;
			buildConfigurationList = A65A814217EBF3C300F9C494 /* Build configuration list for PBXNativeTarget "tipcalculatorTests" */;
			buildPhases = (
				A65A812817EBF3C300F9C494 /* Sources */,
				A65A812917EBF3C300F9C494 /* Frameworks */,
				A65A812A17EBF3C300F9C494 /* Resources */,
				A65A812B17EBF3C300F9C494 /* ShellScript */,
			);
			buildRules = (
			);
			dependencies = (
				A65A813317EBF3C300F9C494 /* PBXTargetDependency */,
			);
			name = tipcalculatorTests;
			productName = tipcalculatorTests;
			productReference = A65A812D17EBF3C300F9C494 /* tipcalculatorTests.octest */;
			productType = "com.apple.product-type.bundle";
		};
/* End PBXNativeTarget section */

/* Begin PBXProject section */
		A65A810917EBF3C300F9C494 /* Project object */ = {
			isa = PBXProject;
			attributes = {
				LastUpgradeCheck = 0430;
			};
			buildConfigurationList = A65A810C17EBF3C300F9C494 /* Build configuration list for PBXProject "tipcalculator" */;
			compatibilityVersion = "Xcode 3.2";
			developmentRegion = English;
			hasScannedForEncodings = 0;
			knownRegions = (
				en,
			);
			mainGroup = A65A810717EBF3C300F9C494;
			productRefGroup = A65A811317EBF3C300F9C494 /* Products */;
			projectDirPath = "";
			projectRoot = "";
			targets = (
				A65A811117EBF3C300F9C494 /* tipcalculator */,
				A65A812C17EBF3C300F9C494 /* tipcalculatorTests */,
			);
		};
/* End PBXProject section */

/* Begin PBXResourcesBuildPhase section */
		A65A811017EBF3C300F9C494 /* Resources */ = {
			isa = PBXResourcesBuildPhase;
			buildActionMask = 2147483647;
			files = (
				A65A812117EBF3C300F9C494 /* InfoPlist.strings in Resources */,
				A65A814917EBF53500F9C494 /* TipViewController.xib in Resources */,
			);
			runOnlyForDeploymentPostprocessing = 0;
		};
		A65A812A17EBF3C300F9C494 /* Resources */ = {
			isa = PBXResourcesBuildPhase;
			buildActionMask = 2147483647;
			files = (
				A65A813917EBF3C300F9C494 /* InfoPlist.strings in Resources */,
			);
			runOnlyForDeploymentPostprocessing = 0;
		};
/* End PBXResourcesBuildPhase section */

/* Begin PBXShellScriptBuildPhase section */
		A65A812B17EBF3C300F9C494 /* ShellScript */ = {
			isa = PBXShellScriptBuildPhase;
			buildActionMask = 2147483647;
			files = (
			);
			inputPaths = (
			);
			outputPaths = (
			);
			runOnlyForDeploymentPostprocessing = 0;
			shellPath = /bin/sh;
			shellScript = "# Run the unit tests in this test bundle.\n\"${SYSTEM_DEVELOPER_DIR}/Tools/RunUnitTests\"\n";
		};
/* End PBXShellScriptBuildPhase section */

/* Begin PBXSourcesBuildPhase section */
		A65A810E17EBF3C300F9C494 /* Sources */ = {
			isa = PBXSourcesBuildPhase;
			buildActionMask = 2147483647;
			files = (
				A65A812317EBF3C300F9C494 /* main.m in Sources */,
				A65A812717EBF3C300F9C494 /* AppDelegate.m in Sources */,
				A65A814817EBF53500F9C494 /* TipViewController.m in Sources */,
			);
			runOnlyForDeploymentPostprocessing = 0;
		};
		A65A812817EBF3C300F9C494 /* Sources */ = {
			isa = PBXSourcesBuildPhase;
			buildActionMask = 2147483647;
			files = (
				A65A813C17EBF3C300F9C494 /* tipcalculatorTests.m in Sources */,
			);
			runOnlyForDeploymentPostprocessing = 0;
		};
/* End PBXSourcesBuildPhase section */

/* Begin PBXTargetDependency section */
		A65A813317EBF3C300F9C494 /* PBXTargetDependency */ = {
			isa = PBXTargetDependency;
			target = A65A811117EBF3C300F9C494 /* tipcalculator */;
			targetProxy = A65A813217EBF3C300F9C494 /* PBXContainerItemProxy */;
		};
/* End PBXTargetDependency section */

/* Begin PBXVariantGroup section */
		A65A811F17EBF3C300F9C494 /* InfoPlist.strings */ = {
			isa = PBXVariantGroup;
			children = (
				A65A812017EBF3C300F9C494 /* en */,
			);
			name = InfoPlist.strings;
			sourceTree = "<group>";
		};
		A65A813717EBF3C300F9C494 /* InfoPlist.strings */ = {
			isa = PBXVariantGroup;
			children = (
				A65A813817EBF3C300F9C494 /* en */,
			);
			name = InfoPlist.strings;
			sourceTree = "<group>";
		};
/* End PBXVariantGroup section */

/* Begin XCBuildConfiguration section */
		A65A813D17EBF3C300F9C494 /* Debug */ = {
			isa = XCBuildConfiguration;
			buildSettings = {
				ALWAYS_SEARCH_USER_PATHS = NO;
				ARCHS = "$(ARCHS_STANDARD_32_BIT)";
				CLANG_ENABLE_OBJC_ARC = YES;
				"CODE_SIGN_IDENTITY[sdk=iphoneos*]" = "iPhone Developer";
				COPY_PHASE_STRIP = NO;
				GCC_C_LANGUAGE_STANDARD = gnu99;
				GCC_DYNAMIC_NO_PIC = NO;
				GCC_OPTIMIZATION_LEVEL = 0;
				GCC_PREPROCESSOR_DEFINITIONS = (
					"DEBUG=1",
					"$(inherited)",
				);
				GCC_SYMBOLS_PRIVATE_EXTERN = NO;
				GCC_VERSION = com.apple.compilers.llvm.clang.1_0;
				GCC_WARN_ABOUT_RETURN_TYPE = YES;
				GCC_WARN_UNINITIALIZED_AUTOS = YES;
				GCC_WARN_UNUSED_VARIABLE = YES;
				IPHONEOS_DEPLOYMENT_TARGET = 5.1;
				SDKROOT = iphoneos;
			};
			name = Debug;
		};
		A65A813E17EBF3C300F9C494 /* Release */ = {
			isa = XCBuildConfiguration;
			buildSettings = {
				ALWAYS_SEARCH_USER_PATHS = NO;
				ARCHS = "$(ARCHS_STANDARD_32_BIT)";
				CLANG_ENABLE_OBJC_ARC = YES;
				"CODE_SIGN_IDENTITY[sdk=iphoneos*]" = "iPhone Developer";
				COPY_PHASE_STRIP = YES;
				GCC_C_LANGUAGE_STANDARD = gnu99;
				GCC_VERSION = com.apple.compilers.llvm.clang.1_0;
				GCC_WARN_ABOUT_RETURN_TYPE = YES;
				GCC_WARN_UNINITIALIZED_AUTOS = YES;
				GCC_WARN_UNUSED_VARIABLE = YES;
				IPHONEOS_DEPLOYMENT_TARGET = 5.1;
				OTHER_CFLAGS = "-DNS_BLOCK_ASSERTIONS=1";
				SDKROOT = iphoneos;
				VALIDATE_PRODUCT = YES;
			};
			name = Release;
		};
		A65A814017EBF3C300F9C494 /* Debug */ = {
			isa = XCBuildConfiguration;
			buildSettings = {
				GCC_PRECOMPILE_PREFIX_HEADER = YES;
				GCC_PREFIX_HEADER = "tipcalculator/tipcalculator-Prefix.pch";
				INFOPLIST_FILE = "tipcalculator/tipcalculator-Info.plist";
				IPHONEOS_DEPLOYMENT_TARGET = 5.1;
				PRODUCT_NAME = "$(TARGET_NAME)";
				WRAPPER_EXTENSION = app;
			};
			name = Debug;
		};
		A65A814117EBF3C300F9C494 /* Release */ = {
			isa = XCBuildConfiguration;
			buildSettings = {
				GCC_PRECOMPILE_PREFIX_HEADER = YES;
				GCC_PREFIX_HEADER = "tipcalculator/tipcalculator-Prefix.pch";
				INFOPLIST_FILE = "tipcalculator/tipcalculator-Info.plist";
				IPHONEOS_DEPLOYMENT_TARGET = 5.1;
				PRODUCT_NAME = "$(TARGET_NAME)";
				WRAPPER_EXTENSION = app;
			};
			name = Release;
		};
		A65A814317EBF3C300F9C494 /* Debug */ = {
			isa = XCBuildConfiguration;
			buildSettings = {
				BUNDLE_LOADER = "$(BUILT_PRODUCTS_DIR)/tipcalculator.app/tipcalculator";
				FRAMEWORK_SEARCH_PATHS = (
					"$(SDKROOT)/Developer/Library/Frameworks",
					"$(DEVELOPER_LIBRARY_DIR)/Frameworks",
				);
				GCC_PRECOMPILE_PREFIX_HEADER = YES;
				GCC_PREFIX_HEADER = "tipcalculator/tipcalculator-Prefix.pch";
				INFOPLIST_FILE = "tipcalculatorTests/tipcalculatorTests-Info.plist";
				PRODUCT_NAME = "$(TARGET_NAME)";
				TEST_HOST = "$(BUNDLE_LOADER)";
				WRAPPER_EXTENSION = octest;
			};
			name = Debug;
		};
		A65A814417EBF3C300F9C494 /* Release */ = {
			isa = XCBuildConfiguration;
			buildSettings = {
				BUNDLE_LOADER = "$(BUILT_PRODUCTS_DIR)/tipcalculator.app/tipcalculator";
				FRAMEWORK_SEARCH_PATHS = (
					"$(SDKROOT)/Developer/Library/Frameworks",
					"$(DEVELOPER_LIBRARY_DIR)/Frameworks",
				);
				GCC_PRECOMPILE_PREFIX_HEADER = YES;
				GCC_PREFIX_HEADER = "tipcalculator/tipcalculator-Prefix.pch";
				INFOPLIST_FILE = "tipcalculatorTests/tipcalculatorTests-Info.plist";
				PRODUCT_NAME = "$(TARGET_NAME)";
				TEST_HOST = "$(BUNDLE_LOADER)";
				WRAPPER_EXTENSION = octest;
			};
			name = Release;
		};
/* End XCBuildConfiguration section */

/* Begin XCConfigurationList section */
		A65A810C17EBF3C300F9C494 /* Build configuration list for PBXProject "tipcalculator" */ = {
			isa = XCConfigurationList;
			buildConfigurations = (
				A65A813D17EBF3C300F9C494 /* Debug */,
				A65A813E17EBF3C300F9C494 /* Release */,
			);
			defaultConfigurationIsVisible = 0;
			defaultConfigurationName = Release;
		};
		A65A813F17EBF3C300F9C494 /* Build configuration list for PBXNativeTarget "tipcalculator" */ = {
			isa = XCConfigurationList;
			buildConfigurations = (
				A65A814017EBF3C300F9C494 /* Debug */,
				A65A814117EBF3C300F9C494 /* Release */,
			);
			defaultConfigurationIsVisible = 0;
		};
		A65A814217EBF3C300F9C494 /* Build configuration list for PBXNativeTarget "tipcalculatorTests" */ = {
			isa = XCConfigurationList;
			buildConfigurations = (
				A65A814317EBF3C300F9C494 /* Debug */,
				A65A814417EBF3C300F9C494 /* Release */,
			);
			defaultConfigurationIsVisible = 0;
		};
/* End XCConfigurationList section */
	};
	rootObject = A65A810917EBF3C300F9C494 /* Project object */;
}
